// !$*UTF8*$!
{
	archiveVersion = 1;
	classes = {
	};
	objectVersion = 46;
	objects = {

/* Begin PBXBuildFile section */
		7BCBA0E91B29FD0800AF44F9 /* main.m in Sources */ = {isa = PBXBuildFile; fileRef = 7BCBA0E81B29FD0800AF44F9 /* main.m */; };
		7BCBA0EC1B29FD0800AF44F9 /* AppDelegate.m in Sources */ = {isa = PBXBuildFile; fileRef = 7BCBA0EB1B29FD0800AF44F9 /* AppDelegate.m */; };
		7BCBA0EF1B29FD0800AF44F9 /* MainViewController.m in Sources */ = {isa = PBXBuildFile; fileRef = 7BCBA0EE1B29FD0800AF44F9 /* MainViewController.m */; };
		7BCBA0F21B29FD0800AF44F9 /* Main.storyboard in Resources */ = {isa = PBXBuildFile; fileRef = 7BCBA0F01B29FD0800AF44F9 /* Main.storyboard */; };
		7BCBA0F41B29FD0800AF44F9 /* Images.xcassets in Resources */ = {isa = PBXBuildFile; fileRef = 7BCBA0F31B29FD0800AF44F9 /* Images.xcassets */; };
		7BCBA0F71B29FD0800AF44F9 /* LaunchScreen.xib in Resources */ = {isa = PBXBuildFile; fileRef = 7BCBA0F51B29FD0800AF44F9 /* LaunchScreen.xib */; };
		7BCBA1031B29FD0800AF44F9 /* WebViewPOCTests.m in Sources */ = {isa = PBXBuildFile; fileRef = 7BCBA1021B29FD0800AF44F9 /* WebViewPOCTests.m */; };
		7BCBA10D1B2A024100AF44F9 /* test.html in Resources */ = {isa = PBXBuildFile; fileRef = 7BCBA10C1B2A024100AF44F9 /* test.html */; };
		7BCBA10F1B2A03D400AF44F9 /* AddressBook.framework in Frameworks */ = {isa = PBXBuildFile; fileRef = 7BCBA10E1B2A03D400AF44F9 /* AddressBook.framework */; };
/* End PBXBuildFile section */

/* Begin PBXContainerItemProxy section */
		7BCBA0FD1B29FD0800AF44F9 /* PBXContainerItemProxy */ = {
			isa = PBXContainerItemProxy;
			containerPortal = 7BCBA0DB1B29FD0800AF44F9 /* Project object */;
			proxyType = 1;
			remoteGlobalIDString = 7BCBA0E21B29FD0800AF44F9;
			remoteInfo = WebViewPOC;
		};
/* End PBXContainerItemProxy section */

/* Begin PBXFileReference section */
		7BCBA0E31B29FD0800AF44F9 /* WebViewPOC.app */ = {isa = PBXFileReference; explicitFileType = wrapper.application; includeInIndex = 0; path = WebViewPOC.app; sourceTree = BUILT_PRODUCTS_DIR; };
		7BCBA0E71B29FD0800AF44F9 /* Info.plist */ = {isa = PBXFileReference; lastKnownFileType = text.plist.xml; path = Info.plist; sourceTree = "<group>"; };
		7BCBA0E81B29FD0800AF44F9 /* main.m */ = {isa = PBXFileReference; lastKnownFileType = sourcecode.c.objc; path = main.m; sourceTree = "<group>"; };
		7BCBA0EA1B29FD0800AF44F9 /* AppDelegate.h */ = {isa = PBXFileReference; lastKnownFileType = sourcecode.c.h; path = AppDelegate.h; sourceTree = "<group>"; };
		7BCBA0EB1B29FD0800AF44F9 /* AppDelegate.m */ = {isa = PBXFileReference; lastKnownFileType = sourcecode.c.objc; path = AppDelegate.m; sourceTree = "<group>"; };
		7BCBA0ED1B29FD0800AF44F9 /* MainViewController.h */ = {isa = PBXFileReference; lastKnownFileType = sourcecode.c.h; path = MainViewController.h; sourceTree = "<group>"; };
		7BCBA0EE1B29FD0800AF44F9 /* MainViewController.m */ = {isa = PBXFileReference; lastKnownFileType = sourcecode.c.objc; path = MainViewController.m; sourceTree = "<group>"; };
		7BCBA0F11B29FD0800AF44F9 /* Base */ = {isa = PBXFileReference; lastKnownFileType = file.storyboard; name = Base; path = Base.lproj/Main.storyboard; sourceTree = "<group>"; };
		7BCBA0F31B29FD0800AF44F9 /* Images.xcassets */ = {isa = PBXFileReference; lastKnownFileType = folder.assetcatalog; path = Images.xcassets; sourceTree = "<group>"; };
		7BCBA0F61B29FD0800AF44F9 /* Base */ = {isa = PBXFileReference; lastKnownFileType = file.xib; name = Base; path = Base.lproj/LaunchScreen.xib; sourceTree = "<group>"; };
		7BCBA0FC1B29FD0800AF44F9 /* WebViewPOCTests.xctest */ = {isa = PBXFileReference; explicitFileType = wrapper.cfbundle; includeInIndex = 0; path = WebViewPOCTests.xctest; sourceTree = BUILT_PRODUCTS_DIR; };
		7BCBA1011B29FD0800AF44F9 /* Info.plist */ = {isa = PBXFileReference; lastKnownFileType = text.plist.xml; path = Info.plist; sourceTree = "<group>"; };
		7BCBA1021B29FD0800AF44F9 /* WebViewPOCTests.m */ = {isa = PBXFileReference; lastKnownFileType = sourcecode.c.objc; path = WebViewPOCTests.m; sourceTree = "<group>"; };
		7BCBA10C1B2A024100AF44F9 /* test.html */ = {isa = PBXFileReference; fileEncoding = 4; lastKnownFileType = text.html; path = test.html; sourceTree = "<group>"; };
		7BCBA10E1B2A03D400AF44F9 /* AddressBook.framework */ = {isa = PBXFileReference; lastKnownFileType = wrapper.framework; name = AddressBook.framework; path = System/Library/Frameworks/AddressBook.framework; sourceTree = SDKROOT; };
/* End PBXFileReference section */

/* Begin PBXFrameworksBuildPhase section */
		7BCBA0E01B29FD0800AF44F9 /* Frameworks */ = {
			isa = PBXFrameworksBuildPhase;
			buildActionMask = 2147483647;
			files = (
				7BCBA10F1B2A03D400AF44F9 /* AddressBook.framework in Frameworks */,
			);
			runOnlyForDeploymentPostprocessing = 0;
		};
		7BCBA0F91B29FD0800AF44F9 /* Frameworks */ = {
			isa = PBXFrameworksBuildPhase;
			buildActionMask = 2147483647;
			files = (
			);
			runOnlyForDeploymentPostprocessing = 0;
		};
/* End PBXFrameworksBuildPhase section */

/* Begin PBXGroup section */
		7BCBA0DA1B29FD0800AF44F9 = {
			isa = PBXGroup;
			children = (
				7BCBA10E1B2A03D400AF44F9 /* AddressBook.framework */,
				7BCBA0E51B29FD0800AF44F9 /* WebViewPOC */,
				7BCBA0FF1B29FD0800AF44F9 /* WebViewPOCTests */,
				7BCBA0E41B29FD0800AF44F9 /* Products */,
			);
			sourceTree = "<group>";
		};
		7BCBA0E41B29FD0800AF44F9 /* Products */ = {
			isa = PBXGroup;
			children = (
				7BCBA0E31B29FD0800AF44F9 /* WebViewPOC.app */,
				7BCBA0FC1B29FD0800AF44F9 /* WebViewPOCTests.xctest */,
			);
			name = Products;
			sourceTree = "<group>";
		};
		7BCBA0E51B29FD0800AF44F9 /* WebViewPOC */ = {
			isa = PBXGroup;
			children = (
				7BCBA0EA1B29FD0800AF44F9 /* AppDelegate.h */,
				7BCBA0EB1B29FD0800AF44F9 /* AppDelegate.m */,
				7BCBA0ED1B29FD0800AF44F9 /* MainViewController.h */,
				7BCBA0EE1B29FD0800AF44F9 /* MainViewController.m */,
				7BCBA0F01B29FD0800AF44F9 /* Main.storyboard */,
				7BCBA10C1B2A024100AF44F9 /* test.html */,
				7BCBA0F31B29FD0800AF44F9 /* Images.xcassets */,
				7BCBA0F51B29FD0800AF44F9 /* LaunchScreen.xib */,
				7BCBA0E61B29FD0800AF44F9 /* Supporting Files */,
			);
			path = WebViewPOC;
			sourceTree = "<group>";
		};
		7BCBA0E61B29FD0800AF44F9 /* Supporting Files */ = {
			isa = PBXGroup;
			children = (
				7BCBA0E71B29FD0800AF44F9 /* Info.plist */,
				7BCBA0E81B29FD0800AF44F9 /* main.m */,
			);
			name = "Supporting Files";
			sourceTree = "<group>";
		};
		7BCBA0FF1B29FD0800AF44F9 /* WebViewPOCTests */ = {
			isa = PBXGroup;
			children = (
				7BCBA1021B29FD0800AF44F9 /* WebViewPOCTests.m */,
				7BCBA1001B29FD0800AF44F9 /* Supporting Files */,
			);
			path = WebViewPOCTests;
			sourceTree = "<group>";
		};
		7BCBA1001B29FD0800AF44F9 /* Supporting Files */ = {
			isa = PBXGroup;
			children = (
				7BCBA1011B29FD0800AF44F9 /* Info.plist */,
			);
			name = "Supporting Files";
			sourceTree = "<group>";
		};
/* End PBXGroup section */

/* Begin PBXNativeTarget section */
		7BCBA0E21B29FD0800AF44F9 /* WebViewPOC */ = {
			isa = PBXNativeTarget;
			buildConfigurationList = 7BCBA1061B29FD0800AF44F9 /* Build configuration list for PBXNativeTarget "WebViewPOC" */;
			buildPhases = (
				7BCBA0DF1B29FD0800AF44F9 /* Sources */,
				7BCBA0E01B29FD0800AF44F9 /* Frameworks */,
				7BCBA0E11B29FD0800AF44F9 /* Resources */,
			);
			buildRules = (
			);
			dependencies = (
			);
			name = WebViewPOC;
			productName = WebViewPOC;
			productReference = 7BCBA0E31B29FD0800AF44F9 /* WebViewPOC.app */;
			productType = "com.apple.product-type.application";
		};
		7BCBA0FB1B29FD0800AF44F9 /* WebViewPOCTests */ = {
			isa = PBXNativeTarget;
			buildConfigurationList = 7BCBA1091B29FD0800AF44F9 /* Build configuration list for PBXNativeTarget "WebViewPOCTests" */;
			buildPhases = (
				7BCBA0F81B29FD0800AF44F9 /* Sources */,
				7BCBA0F91B29FD0800AF44F9 /* Frameworks */,
				7BCBA0FA1B29FD0800AF44F9 /* Resources */,
			);
			buildRules = (
			);
			dependencies = (
				7BCBA0FE1B29FD0800AF44F9 /* PBXTargetDependency */,
			);
			name = WebViewPOCTests;
			productName = WebViewPOCTests;
			productReference = 7BCBA0FC1B29FD0800AF44F9 /* WebViewPOCTests.xctest */;
			productType = "com.apple.product-type.bundle.unit-test";
		};
/* End PBXNativeTarget section */

/* Begin PBXProject section */
		7BCBA0DB1B29FD0800AF44F9 /* Project object */ = {
			isa = PBXProject;
			attributes = {
				LastUpgradeCheck = 0630;
				ORGANIZATIONNAME = "Pitapurapu,Ravi";
				TargetAttributes = {
					7BCBA0E21B29FD0800AF44F9 = {
						CreatedOnToolsVersion = 6.3.1;
					};
					7BCBA0FB1B29FD0800AF44F9 = {
						CreatedOnToolsVersion = 6.3.1;
						TestTargetID = 7BCBA0E21B29FD0800AF44F9;
					};
				};
			};
			buildConfigurationList = 7BCBA0DE1B29FD0800AF44F9 /* Build configuration list for PBXProject "WebViewPOC" */;
			compatibilityVersion = "Xcode 3.2";
			developmentRegion = English;
			hasScannedForEncodings = 0;
			knownRegions = (
				en,
				Base,
			);
			mainGroup = 7BCBA0DA1B29FD0800AF44F9;
			productRefGroup = 7BCBA0E41B29FD0800AF44F9 /* Products */;
			projectDirPath = "";
			projectRoot = "";
			targets = (
				7BCBA0E21B29FD0800AF44F9 /* WebViewPOC */,
				7BCBA0FB1B29FD0800AF44F9 /* WebViewPOCTests */,
			);
		};
/* End PBXProject section */

/* Begin PBXResourcesBuildPhase section */
		7BCBA0E11B29FD0800AF44F9 /* Resources */ = {
			isa = PBXResourcesBuildPhase;
			buildActionMask = 2147483647;
			files = (
				7BCBA10D1B2A024100AF44F9 /* test.html in Resources */,
				7BCBA0F21B29FD0800AF44F9 /* Main.storyboard in Resources */,
				7BCBA0F71B29FD0800AF44F9 /* LaunchScreen.xib in Resources */,
				7BCBA0F41B29FD0800AF44F9 /* Images.xcassets in Resources */,
			);
			runOnlyForDeploymentPostprocessing = 0;
		};
		7BCBA0FA1B29FD0800AF44F9 /* Resources */ = {
			isa = PBXResourcesBuildPhase;
			buildActionMask = 2147483647;
			files = (
			);
			runOnlyForDeploymentPostprocessing = 0;
		};
/* End PBXResourcesBuildPhase section */

/* Begin PBXSourcesBuildPhase section */
		7BCBA0DF1B29FD0800AF44F9 /* Sources */ = {
			isa = PBXSourcesBuildPhase;
			buildActionMask = 2147483647;
			files = (
				7BCBA0EF1B29FD0800AF44F9 /* MainViewController.m in Sources */,
				7BCBA0EC1B29FD0800AF44F9 /* AppDelegate.m in Sources */,
				7BCBA0E91B29FD0800AF44F9 /* main.m in Sources */,
			);
			runOnlyForDeploymentPostprocessing = 0;
		};
		7BCBA0F81B29FD0800AF44F9 /* Sources */ = {
			isa = PBXSourcesBuildPhase;
			buildActionMask = 2147483647;
			files = (
				7BCBA1031B29FD0800AF44F9 /* WebViewPOCTests.m in Sources */,
			);
			runOnlyForDeploymentPostprocessing = 0;
		};
/* End PBXSourcesBuildPhase section */

/* Begin PBXTargetDependency section */
		7BCBA0FE1B29FD0800AF44F9 /* PBXTargetDependency */ = {
			isa = PBXTargetDependency;
			target = 7BCBA0E21B29FD0800AF44F9 /* WebViewPOC */;
			targetProxy = 7BCBA0FD1B29FD0800AF44F9 /* PBXContainerItemProxy */;
		};
/* End PBXTargetDependency section */

/* Begin PBXVariantGroup section */
		7BCBA0F01B29FD0800AF44F9 /* Main.storyboard */ = {
			isa = PBXVariantGroup;
			children = (
				7BCBA0F11B29FD0800AF44F9 /* Base */,
			);
			name = Main.storyboard;
			sourceTree = "<group>";
		};
		7BCBA0F51B29FD0800AF44F9 /* LaunchScreen.xib */ = {
			isa = PBXVariantGroup;
			children = (
				7BCBA0F61B29FD0800AF44F9 /* Base */,
			);
			name = LaunchScreen.xib;
			sourceTree = "<group>";
		};
/* End PBXVariantGroup section */

/* Begin XCBuildConfiguration section */
		7BCBA1041B29FD0800AF44F9 /* Debug */ = {
			isa = XCBuildConfiguration;
			buildSettings = {
				ALWAYS_SEARCH_USER_PATHS = NO;
				CLANG_CXX_LANGUAGE_STANDARD = "gnu++0x";
				CLANG_CXX_LIBRARY = "libc++";
				CLANG_ENABLE_MODULES = YES;
				CLANG_ENABLE_OBJC_ARC = YES;
				CLANG_WARN_BOOL_CONVERSION = YES;
				CLANG_WARN_CONSTANT_CONVERSION = YES;
				CLANG_WARN_DIRECT_OBJC_ISA_USAGE = YES_ERROR;
				CLANG_WARN_EMPTY_BODY = YES;
				CLANG_WARN_ENUM_CONVERSION = YES;
				CLANG_WARN_INT_CONVERSION = YES;
				CLANG_WARN_OBJC_ROOT_CLASS = YES_ERROR;
				CLANG_WARN_UNREACHABLE_CODE = YES;
				CLANG_WARN__DUPLICATE_METHOD_MATCH = YES;
				"CODE_SIGN_IDENTITY[sdk=iphoneos*]" = "iPhone Developer";
				COPY_PHASE_STRIP = NO;
				DEBUG_INFORMATION_FORMAT = "dwarf-with-dsym";
				ENABLE_STRICT_OBJC_MSGSEND = YES;
				GCC_C_LANGUAGE_STANDARD = gnu99;
				GCC_DYNAMIC_NO_PIC = NO;
				GCC_NO_COMMON_BLOCKS = YES;
				GCC_OPTIMIZATION_LEVEL = 0;
				GCC_PREPROCESSOR_DEFINITIONS = (
					"DEBUG=1",
					"$(inherited)",
				);
				GCC_SYMBOLS_PRIVATE_EXTERN = NO;
				GCC_WARN_64_TO_32_BIT_CONVERSION = YES;
				GCC_WARN_ABOUT_RETURN_TYPE = YES_ERROR;
				GCC_WARN_UNDECLARED_SELECTOR = YES;
				GCC_WARN_UNINITIALIZED_AUTOS = YES_AGGRESSIVE;
				GCC_WARN_UNUSED_FUNCTION = YES;
				GCC_WARN_UNUSED_VARIABLE = YES;
				IPHONEOS_DEPLOYMENT_TARGET = 8.3;
				MTL_ENABLE_DEBUG_INFO = YES;
				ONLY_ACTIVE_ARCH = YES;
				SDKROOT = iphoneos;
			};
			name = Debug;
		};
		7BCBA1051B29FD0800AF44F9 /* Release */ = {
			isa = XCBuildConfiguration;
			buildSettings = {
				ALWAYS_SEARCH_USER_PATHS = NO;
				CLANG_CXX_LANGUAGE_STANDARD = "gnu++0x";
				CLANG_CXX_LIBRARY = "libc++";
				CLANG_ENABLE_MODULES = YES;
				CLANG_ENABLE_OBJC_ARC = YES;
				CLANG_WARN_BOOL_CONVERSION = YES;
				CLANG_WARN_CONSTANT_CONVERSION = YES;
				CLANG_WARN_DIRECT_OBJC_ISA_USAGE = YES_ERROR;
				CLANG_WARN_EMPTY_BODY = YES;
				CLANG_WARN_ENUM_CONVERSION = YES;
				CLANG_WARN_INT_CONVERSION = YES;
				CLANG_WARN_OBJC_ROOT_CLASS = YES_ERROR;
				CLANG_WARN_UNREACHABLE_CODE = YES;
				CLANG_WARN__DUPLICATE_METHOD_MATCH = YES;
				"CODE_SIGN_IDENTITY[sdk=iphoneos*]" = "iPhone Developer";
				COPY_PHASE_STRIP = NO;
				DEBUG_INFORMATION_FORMAT = "dwarf-with-dsym";
				ENABLE_NS_ASSERTIONS = NO;
				ENABLE_STRICT_OBJC_MSGSEND = YES;
				GCC_C_LANGUAGE_STANDARD = gnu99;
				GCC_NO_COMMON_BLOCKS = YES;
				GCC_WARN_64_TO_32_BIT_CONVERSION = YES;
				GCC_WARN_ABOUT_RETURN_TYPE = YES_ERROR;
				GCC_WARN_UNDECLARED_SELECTOR = YES;
				GCC_WARN_UNINITIALIZED_AUTOS = YES_AGGRESSIVE;
				GCC_WARN_UNUSED_FUNCTION = YES;
				GCC_WARN_UNUSED_VARIABLE = YES;
				IPHONEOS_DEPLOYMENT_TARGET = 8.3;
				MTL_ENABLE_DEBUG_INFO = NO;
				SDKROOT = iphoneos;
				VALIDATE_PRODUCT = YES;
			};
			name = Release;
		};
		7BCBA1071B29FD0800AF44F9 /* Debug */ = {
			isa = XCBuildConfiguration;
			buildSettings = {
				ASSETCATALOG_COMPILER_APPICON_NAME = AppIcon;
				INFOPLIST_FILE = WebViewPOC/Info.plist;
				LD_RUNPATH_SEARCH_PATHS = "$(inherited) @executable_path/Frameworks";
				PRODUCT_NAME = "$(TARGET_NAME)";
			};
			name = Debug;
		};
		7BCBA1081B29FD0800AF44F9 /* Release */ = {
			isa = XCBuildConfiguration;
			buildSettings = {
				ASSETCATALOG_COMPILER_APPICON_NAME = AppIcon;
				INFOPLIST_FILE = WebViewPOC/Info.plist;
				LD_RUNPATH_SEARCH_PATHS = "$(inherited) @executable_path/Frameworks";
				PRODUCT_NAME = "$(TARGET_NAME)";
			};
			name = Release;
		};
		7BCBA10A1B29FD0800AF44F9 /* Debug */ = {
			isa = XCBuildConfiguration;
			buildSettings = {
				BUNDLE_LOADER = "$(TEST_HOST)";
				FRAMEWORK_SEARCH_PATHS = (
					"$(SDKROOT)/Developer/Library/Frameworks",
					"$(inherited)",
				);
				GCC_PREPROCESSOR_DEFINITIONS = (
					"DEBUG=1",
					"$(inherited)",
				);
				INFOPLIST_FILE = WebViewPOCTests/Info.plist;
				LD_RUNPATH_SEARCH_PATHS = "$(inherited) @executable_path/Frameworks @loader_path/Frameworks";
				PRODUCT_NAME = "$(TARGET_NAME)";
				TEST_HOST = "$(BUILT_PRODUCTS_DIR)/WebViewPOC.app/WebViewPOC";
			};
			name = Debug;
		};
		7BCBA10B1B29FD0800AF44F9 /* Release */ = {
			isa = XCBuildConfiguration;
			buildSettings = {
				BUNDLE_LOADER = "$(TEST_HOST)";
				FRAMEWORK_SEARCH_PATHS = (
					"$(SDKROOT)/Developer/Library/Frameworks",
					"$(inherited)",
				);
				INFOPLIST_FILE = WebViewPOCTests/Info.plist;
				LD_RUNPATH_SEARCH_PATHS = "$(inherited) @executable_path/Frameworks @loader_path/Frameworks";
				PRODUCT_NAME = "$(TARGET_NAME)";
				TEST_HOST = "$(BUILT_PRODUCTS_DIR)/WebViewPOC.app/WebViewPOC";
			};
			name = Release;
		};
/* End XCBuildConfiguration section */

/* Begin XCConfigurationList section */
		7BCBA0DE1B29FD0800AF44F9 /* Build configuration list for PBXProject "WebViewPOC" */ = {
			isa = XCConfigurationList;
			buildConfigurations = (
				7BCBA1041B29FD0800AF44F9 /* Debug */,
				7BCBA1051B29FD0800AF44F9 /* Release */,
			);
			defaultConfigurationIsVisible = 0;
			defaultConfigurationName = Release;
		};
		7BCBA1061B29FD0800AF44F9 /* Build configuration list for PBXNativeTarget "WebViewPOC" */ = {
			isa = XCConfigurationList;
			buildConfigurations = (
				7BCBA1071B29FD0800AF44F9 /* Debug */,
				7BCBA1081B29FD0800AF44F9 /* Release */,
			);
			defaultConfigurationIsVisible = 0;
		};
		7BCBA1091B29FD0800AF44F9 /* Build configuration list for PBXNativeTarget "WebViewPOCTests" */ = {
			isa = XCConfigurationList;
			buildConfigurations = (
				7BCBA10A1B29FD0800AF44F9 /* Debug */,
				7BCBA10B1B29FD0800AF44F9 /* Release */,
			);
			defaultConfigurationIsVisible = 0;
		};
/* End XCConfigurationList section */
	};
	rootObject = 7BCBA0DB1B29FD0800AF44F9 /* Project object */;
}
